
Microsoft Visual Studio Solution File, Format Version 12.00
# Visual Studio Version 17
VisualStudioVersion = 17.13.35818.85 d17.13
MinimumVisualStudioVersion = 10.0.40219.1
Project("{FAE04EC0-301F-11D3-BF4B-00C04F79EFBC}") = "bai_15formattext", "bai_15formattext.csproj", "{C5F07071-6457-452C-A162-8EE2ACDD2675}"
EndProject
Global
	GlobalSection(SolutionConfigurationPlatforms) = preSolution
		Debug|Any CPU = Debug|Any CPU
		Release|Any CPU = Release|Any CPU
	EndGlobalSection
	GlobalSection(ProjectConfigurationPlatforms) = postSolution
		{C5F07071-6457-452C-A162-8EE2ACDD2675}.Debug|Any CPU.ActiveCfg = Debug|Any CPU
		{C5F07071-6457-452C-A162-8EE2ACDD2675}.Debug|Any CPU.Build.0 = Debug|Any CPU
		{C5F07071-6457-452C-A162-8EE2ACDD2675}.Release|Any CPU.ActiveCfg = Release|Any CPU
		{C5F07071-6457-452C-A162-8EE2ACDD2675}.Release|Any CPU.Build.0 = Release|Any CPU
	EndGlobalSection
	GlobalSection(SolutionProperties) = preSolution
		HideSolutionNode = FALSE
	EndGlobalSection
	GlobalSection(ExtensibilityGlobals) = postSolution
		SolutionGuid = {E2BC99C3-81BE-4325-B301-FBBB90365B0C}
	EndGlobalSection
EndGlobal
